{
  "version": 4,
  "terraform_version": "0.12.13",
  "serial": 151,
  "lineage": "88284479-067e-244e-68b9-ec0a60423e6e",
  "outputs": {},
  "resources": [
    {
      "module": "module.eks",
      "mode": "managed",
      "type": "aws_eks_cluster",
      "name": "cluster",
      "provider": "provider.aws",
      "instances": [
        {
          "schema_version": 0,
          "attributes": {
            "arn": "arn:aws:eks:us-east-1:220999274774:cluster/jcd",
            "certificate_authority": [
              {
                "data": "LS0tLS1CRUdJTiBDRVJUSUZJQ0FURS0tLS0tCk1JSUN5RENDQWJDZ0F3SUJBZ0lCQURBTkJna3Foa2lHOXcwQkFRc0ZBREFWTVJNd0VRWURWUVFERXdwcmRXSmwKY201bGRHVnpNQjRYRFRJd01ERXlOakUzTlRBeE1sb1hEVE13TURFeU16RTNOVEF4TWxvd0ZURVRNQkVHQTFVRQpBeE1LYTNWaVpYSnVaWFJsY3pDQ0FTSXdEUVlKS29aSWh2Y05BUUVCQlFBRGdnRVBBRENDQVFvQ2dnRUJBTHhlCmIzVmdyaHZOL253eERTVzBYYit2Y0xpbXFZRXlPckFMbzB3WGsweTZMMVN5K0JIRk9RYlRRMGZVUzhNc1ZNeWUKYWhsY0ZGbmZ0L1NiTzlGTHFTRGx5TnZzZ3MwVURSN2JFU202T3J5QVo0bzhoSmZuMjdxdzNvZ0VqbXZmY0IreQpwOCtwOCtPY01MQzhJT2UrZ21jeU9OVkNxUk9uVFhFOFlyOHU4L1hRRnhscmxUa2szRitmMGhRZU5NMkM1N3RjCllSUTBhYmRPaVhlV3Exc3VrUzVsQTFHclhudTFIWVpna3RZTXlvUk9JOEZNNGp1K0x4T082emh0amxhZy9ENWgKWmhKOXY2aVRZWU5JcXhPOGFpK0Ruc3Z1VGJWQXViYzNENlUwdWx4SGxrS3VtRitNWjQxTTJoRHZHRjlXcjB5MQpZYW8yWkkwblBsc1J4QXk5VTU4Q0F3RUFBYU1qTUNFd0RnWURWUjBQQVFIL0JBUURBZ0trTUE4R0ExVWRFd0VCCi93UUZNQU1CQWY4d0RRWUpLb1pJaHZjTkFRRUxCUUFEZ2dFQkFHNElwd0s4WDdJRXMvQUxMdHU2UFZSN1Z4NmIKWk0xUStFMmtIRzVMTDZGVTFOWWtqQXNESDlLRmZ4ekQzYlhhcGFNemJoSjdNdlFvcjFmS3d5MHVRZnR4K0hCdQowTkR2WlVEQlhFclFhVWthVHBtM2l2ZTFLMGZ0ekcxU21LVjJrbVhqdFRTTDZGYTB4aEpiN2VvSFdmM0ZIbThrCk5LcWJLR2Y1VlRuUHR5OW1sa0svVTBRL3k3WVhJbGEzYTJlK2l6dy9sQVFDaG9Qc3dpZ3VyWlEwOU05cTVHZ0cKSVVSbzdYVWFscHp3emVYRlJrLzRrSU9HMUtqbHQyaGJ1UW1Ed0d6cmU1bVplaDNOUlZCRkVMcVZEZmY0K0JZcwpwOHdyZGFWSXN6ZlRocHlzRytuT1oxcGROU2JrWUR1Sjg3cFVraUFFUzhtSXBqOHZjdHFJZG5OUmVacz0KLS0tLS1FTkQgQ0VSVElGSUNBVEUtLS0tLQo="
              }
            ],
            "created_at": "2020-01-26 17:42:09 +0000 UTC",
            "enabled_cluster_log_types": [
              "api",
              "audit",
              "authenticator",
              "controllerManager",
              "scheduler"
            ],
            "endpoint": "https://D8BC9DB8A8DE4081C02DF9DFB3AF1013.gr7.us-east-1.eks.amazonaws.com",
            "id": "jcd",
            "identity": [
              {
                "oidc": [
                  {
                    "issuer": "https://oidc.eks.us-east-1.amazonaws.com/id/D8BC9DB8A8DE4081C02DF9DFB3AF1013"
                  }
                ]
              }
            ],
            "name": "jcd",
            "platform_version": "eks.7",
            "role_arn": "arn:aws:iam::220999274774:role/eks-jcd",
            "status": "ACTIVE",
            "tags": null,
            "timeouts": null,
            "version": "1.14",
            "vpc_config": [
              {
                "cluster_security_group_id": "sg-0d4b19d6b2d082bc2",
                "endpoint_private_access": false,
                "endpoint_public_access": true,
                "public_access_cidrs": [
                  "0.0.0.0/0"
                ],
                "security_group_ids": [
                  "sg-0e6de08bda6a5c8c1"
                ],
                "subnet_ids": [
                  "subnet-16cb5d4a",
                  "subnet-260b4429",
                  "subnet-3b547171"
                ],
                "vpc_id": "vpc-6b5bfd11"
              }
            ]
          },
          "private": "eyJlMmJmYjczMC1lY2FhLTExZTYtOGY4OC0zNDM2M2JjN2M0YzAiOnsiY3JlYXRlIjoxODAwMDAwMDAwMDAwLCJkZWxldGUiOjkwMDAwMDAwMDAwMCwidXBkYXRlIjozNjAwMDAwMDAwMDAwfX0=",
          "depends_on": [
            "aws_iam_role.cluster",
            "aws_iam_role_policy_attachment.clusterpolicy",
            "aws_iam_role_policy_attachment.servicepolicy",
            "aws_security_group.cluster"
          ]
        }
      ]
    },
    {
      "module": "module.eks",
      "mode": "managed",
      "type": "aws_eks_node_group",
      "name": "node_group_1",
      "each": "list",
      "provider": "provider.aws",
      "instances": [
        {
          "index_key": 0,
          "schema_version": 0,
          "attributes": {
            "ami_type": "AL2_x86_64",
            "arn": "arn:aws:eks:us-east-1:220999274774:nodegroup/jcd/jcd0/2cb7f17e-a865-1b78-199e-c87ecf37d8a1",
            "cluster_name": "jcd",
            "disk_size": 20,
            "id": "jcd:jcd0",
            "instance_types": [
              "t3.medium"
            ],
            "labels": null,
            "node_group_name": "jcd0",
            "node_role_arn": "arn:aws:iam::220999274774:role/jcd-node",
            "release_version": "1.14.7-20190927",
            "remote_access": [],
            "resources": [
              {
                "autoscaling_groups": [
                  {
                    "name": "eks-2cb7f17e-a865-1b78-199e-c87ecf37d8a1"
                  }
                ],
                "remote_access_security_group_id": ""
              }
            ],
            "scaling_config": [
              {
                "desired_size": 4,
                "max_size": 10,
                "min_size": 4
              }
            ],
            "status": "ACTIVE",
            "subnet_ids": [
              "subnet-16cb5d4a",
              "subnet-260b4429",
              "subnet-3b547171"
            ],
            "tags": {
              "Name": "jcd"
            },
            "timeouts": null,
            "version": "1.14"
          },
          "private": "eyJlMmJmYjczMC1lY2FhLTExZTYtOGY4OC0zNDM2M2JjN2M0YzAiOnsiY3JlYXRlIjozNjAwMDAwMDAwMDAwLCJkZWxldGUiOjM2MDAwMDAwMDAwMDAsInVwZGF0ZSI6MzYwMDAwMDAwMDAwMH19",
          "depends_on": [
            "aws_eks_cluster.cluster",
            "aws_iam_role.node",
            "aws_iam_role_policy_attachment.AmazonEC2ContainerRegistryReadOnly",
            "aws_iam_role_policy_attachment.AmazonEKSWorkerNodePolicy",
            "aws_iam_role_policy_attachment.AmazonEKS_CNI_Policy"
          ]
        },
        {
          "index_key": 1,
          "schema_version": 0,
          "attributes": {
            "ami_type": "AL2_x86_64",
            "arn": "arn:aws:eks:us-east-1:220999274774:nodegroup/jcd/jcd1/aeb7f17e-a85b-f86f-d887-1fbb5a037be2",
            "cluster_name": "jcd",
            "disk_size": 20,
            "id": "jcd:jcd1",
            "instance_types": [
              "t3.medium"
            ],
            "labels": null,
            "node_group_name": "jcd1",
            "node_role_arn": "arn:aws:iam::220999274774:role/jcd-node",
            "release_version": "1.14.7-20190927",
            "remote_access": [],
            "resources": [
              {
                "autoscaling_groups": [
                  {
                    "name": "eks-aeb7f17e-a85b-f86f-d887-1fbb5a037be2"
                  }
                ],
                "remote_access_security_group_id": ""
              }
            ],
            "scaling_config": [
              {
                "desired_size": 4,
                "max_size": 10,
                "min_size": 4
              }
            ],
            "status": "ACTIVE",
            "subnet_ids": [
              "subnet-16cb5d4a",
              "subnet-260b4429",
              "subnet-3b547171"
            ],
            "tags": {
              "Name": "jcd"
            },
            "timeouts": null,
            "version": "1.14"
          },
          "private": "eyJlMmJmYjczMC1lY2FhLTExZTYtOGY4OC0zNDM2M2JjN2M0YzAiOnsiY3JlYXRlIjozNjAwMDAwMDAwMDAwLCJkZWxldGUiOjM2MDAwMDAwMDAwMDAsInVwZGF0ZSI6MzYwMDAwMDAwMDAwMH19",
          "depends_on": [
            "aws_eks_cluster.cluster",
            "aws_iam_role.node",
            "aws_iam_role_policy_attachment.AmazonEC2ContainerRegistryReadOnly",
            "aws_iam_role_policy_attachment.AmazonEKSWorkerNodePolicy",
            "aws_iam_role_policy_attachment.AmazonEKS_CNI_Policy"
          ]
        }
      ]
    },
    {
      "module": "module.eks",
      "mode": "managed",
      "type": "aws_iam_role",
      "name": "cluster",
      "provider": "provider.aws",
      "instances": [
        {
          "schema_version": 0,
          "attributes": {
            "arn": "arn:aws:iam::220999274774:role/eks-jcd",
            "assume_role_policy": "{\"Version\":\"2012-10-17\",\"Statement\":[{\"Effect\":\"Allow\",\"Principal\":{\"Service\":\"eks.amazonaws.com\"},\"Action\":\"sts:AssumeRole\"}]}",
            "create_date": "2020-01-26T17:41:58Z",
            "description": "",
            "force_detach_policies": false,
            "id": "eks-jcd",
            "max_session_duration": 3600,
            "name": "eks-jcd",
            "name_prefix": null,
            "path": "/",
            "permissions_boundary": null,
            "tags": null,
            "unique_id": "AROATG5EVKELCXG5NGZJD"
          },
          "private": "bnVsbA=="
        }
      ]
    },
    {
      "module": "module.eks",
      "mode": "managed",
      "type": "aws_iam_role",
      "name": "node",
      "provider": "provider.aws",
      "instances": [
        {
          "schema_version": 0,
          "attributes": {
            "arn": "arn:aws:iam::220999274774:role/jcd-node",
            "assume_role_policy": "{\"Version\":\"2012-10-17\",\"Statement\":[{\"Effect\":\"Allow\",\"Principal\":{\"Service\":\"ec2.amazonaws.com\"},\"Action\":\"sts:AssumeRole\"}]}",
            "create_date": "2020-01-26T17:41:58Z",
            "description": "",
            "force_detach_policies": false,
            "id": "jcd-node",
            "max_session_duration": 3600,
            "name": "jcd-node",
            "name_prefix": null,
            "path": "/",
            "permissions_boundary": null,
            "tags": null,
            "unique_id": "AROATG5EVKELPS7QW3DQA"
          },
          "private": "bnVsbA=="
        }
      ]
    },
    {
      "module": "module.eks",
      "mode": "managed",
      "type": "aws_iam_role",
      "name": "node-group",
      "provider": "provider.aws",
      "instances": [
        {
          "schema_version": 0,
          "attributes": {
            "arn": "arn:aws:iam::220999274774:role/eks-node-group",
            "assume_role_policy": "{\"Version\":\"2012-10-17\",\"Statement\":[{\"Effect\":\"Allow\",\"Principal\":{\"Service\":\"ec2.amazonaws.com\"},\"Action\":\"sts:AssumeRole\"}]}",
            "create_date": "2020-01-26T17:41:58Z",
            "description": "",
            "force_detach_policies": false,
            "id": "eks-node-group",
            "max_session_duration": 3600,
            "name": "eks-node-group",
            "name_prefix": null,
            "path": "/",
            "permissions_boundary": null,
            "tags": null,
            "unique_id": "AROATG5EVKELFPS67RALE"
          },
          "private": "bnVsbA=="
        }
      ]
    },
    {
      "module": "module.eks",
      "mode": "managed",
      "type": "aws_iam_role_policy_attachment",
      "name": "AmazonEC2ContainerRegistryReadOnly",
      "provider": "provider.aws",
      "instances": [
        {
          "schema_version": 0,
          "attributes": {
            "id": "jcd-node-20200126174159560800000006",
            "policy_arn": "arn:aws:iam::aws:policy/AmazonEC2ContainerRegistryReadOnly",
            "role": "jcd-node"
          },
          "private": "bnVsbA==",
          "depends_on": [
            "aws_iam_role.node"
          ]
        }
      ]
    },
    {
      "module": "module.eks",
      "mode": "managed",
      "type": "aws_iam_role_policy_attachment",
      "name": "AmazonEKSWorkerNodePolicy",
      "provider": "provider.aws",
      "instances": [
        {
          "schema_version": 0,
          "attributes": {
            "id": "jcd-node-20200126174159560800000004",
            "policy_arn": "arn:aws:iam::aws:policy/AmazonEKSWorkerNodePolicy",
            "role": "jcd-node"
          },
          "private": "bnVsbA==",
          "depends_on": [
            "aws_iam_role.node"
          ]
        }
      ]
    },
    {
      "module": "module.eks",
      "mode": "managed",
      "type": "aws_iam_role_policy_attachment",
      "name": "AmazonEKS_CNI_Policy",
      "provider": "provider.aws",
      "instances": [
        {
          "schema_version": 0,
          "attributes": {
            "id": "jcd-node-20200126174159542200000001",
            "policy_arn": "arn:aws:iam::aws:policy/AmazonEKS_CNI_Policy",
            "role": "jcd-node"
          },
          "private": "bnVsbA==",
          "depends_on": [
            "aws_iam_role.node"
          ]
        }
      ]
    },
    {
      "module": "module.eks",
      "mode": "managed",
      "type": "aws_iam_role_policy_attachment",
      "name": "clusterpolicy",
      "provider": "provider.aws",
      "instances": [
        {
          "schema_version": 0,
          "attributes": {
            "id": "eks-jcd-20200126174159552600000003",
            "policy_arn": "arn:aws:iam::aws:policy/AmazonEKSClusterPolicy",
            "role": "eks-jcd"
          },
          "private": "bnVsbA==",
          "depends_on": [
            "aws_iam_role.cluster"
          ]
        }
      ]
    },
    {
      "module": "module.eks",
      "mode": "managed",
      "type": "aws_iam_role_policy_attachment",
      "name": "eks_cni_policy",
      "provider": "provider.aws",
      "instances": [
        {
          "schema_version": 0,
          "attributes": {
            "id": "jcd-node-20200126174159560800000005",
            "policy_arn": "arn:aws:iam::aws:policy/AmazonEKS_CNI_Policy",
            "role": "jcd-node"
          },
          "private": "bnVsbA==",
          "depends_on": [
            "aws_iam_role.node"
          ]
        }
      ]
    },
    {
      "module": "module.eks",
      "mode": "managed",
      "type": "aws_iam_role_policy_attachment",
      "name": "registryreadOnly",
      "provider": "provider.aws",
      "instances": [
        {
          "schema_version": 0,
          "attributes": {
            "id": "jcd-node-20200126174159578600000007",
            "policy_arn": "arn:aws:iam::aws:policy/AmazonEC2ContainerRegistryReadOnly",
            "role": "jcd-node"
          },
          "private": "bnVsbA==",
          "depends_on": [
            "aws_iam_role.node"
          ]
        }
      ]
    },
    {
      "module": "module.eks",
      "mode": "managed",
      "type": "aws_iam_role_policy_attachment",
      "name": "servicepolicy",
      "provider": "provider.aws",
      "instances": [
        {
          "schema_version": 0,
          "attributes": {
            "id": "eks-jcd-20200126174159547900000002",
            "policy_arn": "arn:aws:iam::aws:policy/AmazonEKSServicePolicy",
            "role": "eks-jcd"
          },
          "private": "bnVsbA==",
          "depends_on": [
            "aws_iam_role.cluster"
          ]
        }
      ]
    },
    {
      "module": "module.eks",
      "mode": "managed",
      "type": "aws_iam_role_policy_attachment",
      "name": "workernodepolicy",
      "provider": "provider.aws",
      "instances": [
        {
          "schema_version": 0,
          "attributes": {
            "id": "jcd-node-20200126174159607700000008",
            "policy_arn": "arn:aws:iam::aws:policy/AmazonEKSWorkerNodePolicy",
            "role": "jcd-node"
          },
          "private": "bnVsbA==",
          "depends_on": [
            "aws_iam_role.node"
          ]
        }
      ]
    },
    {
      "module": "module.eks",
      "mode": "managed",
      "type": "aws_security_group",
      "name": "cluster",
      "provider": "provider.aws",
      "instances": [
        {
          "schema_version": 1,
          "attributes": {
            "arn": "arn:aws:ec2:us-east-1:220999274774:security-group/sg-0e6de08bda6a5c8c1",
            "description": "Cluster communication with worker nodes",
            "egress": [
              {
                "cidr_blocks": [
                  "0.0.0.0/0"
                ],
                "description": "",
                "from_port": 0,
                "ipv6_cidr_blocks": [],
                "prefix_list_ids": [],
                "protocol": "-1",
                "security_groups": [],
                "self": false,
                "to_port": 0
              }
            ],
            "id": "sg-0e6de08bda6a5c8c1",
            "ingress": [],
            "name": "jcd",
            "name_prefix": null,
            "owner_id": "220999274774",
            "revoke_rules_on_delete": false,
            "tags": {
              "Name": "jcd"
            },
            "timeouts": null,
            "vpc_id": "vpc-6b5bfd11"
          },
          "private": "eyJlMmJmYjczMC1lY2FhLTExZTYtOGY4OC0zNDM2M2JjN2M0YzAiOnsiY3JlYXRlIjo2MDAwMDAwMDAwMDAsImRlbGV0ZSI6NjAwMDAwMDAwMDAwfSwic2NoZW1hX3ZlcnNpb24iOiIxIn0="
        }
      ]
    },
    {
      "module": "module.eks",
      "mode": "managed",
      "type": "aws_security_group",
      "name": "node",
      "provider": "provider.aws",
      "instances": [
        {
          "schema_version": 1,
          "attributes": {
            "arn": "arn:aws:ec2:us-east-1:220999274774:security-group/sg-000990ad3e9b20a6f",
            "description": "nodes",
            "egress": [
              {
                "cidr_blocks": [
                  "0.0.0.0/0"
                ],
                "description": "",
                "from_port": 0,
                "ipv6_cidr_blocks": [],
                "prefix_list_ids": [],
                "protocol": "-1",
                "security_groups": [],
                "self": false,
                "to_port": 0
              }
            ],
            "id": "sg-000990ad3e9b20a6f",
            "ingress": [],
            "name": "jcd-node",
            "name_prefix": null,
            "owner_id": "220999274774",
            "revoke_rules_on_delete": false,
            "tags": {
              "Name": "jcd-node"
            },
            "timeouts": null,
            "vpc_id": "vpc-6b5bfd11"
          },
          "private": "eyJlMmJmYjczMC1lY2FhLTExZTYtOGY4OC0zNDM2M2JjN2M0YzAiOnsiY3JlYXRlIjo2MDAwMDAwMDAwMDAsImRlbGV0ZSI6NjAwMDAwMDAwMDAwfSwic2NoZW1hX3ZlcnNpb24iOiIxIn0="
        }
      ]
    },
    {
      "module": "module.eks",
      "mode": "managed",
      "type": "aws_security_group_rule",
      "name": "cluster-ingress-node-https",
      "provider": "provider.aws",
      "instances": [
        {
          "schema_version": 2,
          "attributes": {
            "cidr_blocks": null,
            "description": "Allow pods to communicate with the cluster API Server",
            "from_port": 443,
            "id": "sgrule-4207244786",
            "ipv6_cidr_blocks": null,
            "prefix_list_ids": null,
            "protocol": "tcp",
            "security_group_id": "sg-0e6de08bda6a5c8c1",
            "self": false,
            "source_security_group_id": "sg-000990ad3e9b20a6f",
            "to_port": 443,
            "type": "ingress"
          },
          "private": "eyJzY2hlbWFfdmVyc2lvbiI6IjIifQ==",
          "depends_on": [
            "aws_security_group.cluster",
            "aws_security_group.node"
          ]
        }
      ]
    },
    {
      "module": "module.eks",
      "mode": "managed",
      "type": "aws_security_group_rule",
      "name": "ingress-cluster",
      "provider": "provider.aws",
      "instances": [
        {
          "schema_version": 2,
          "attributes": {
            "cidr_blocks": null,
            "description": "Allow worker Kubelets and pods to receive communication from the cluster control plane",
            "from_port": 1025,
            "id": "sgrule-2960786384",
            "ipv6_cidr_blocks": null,
            "prefix_list_ids": null,
            "protocol": "tcp",
            "security_group_id": "sg-000990ad3e9b20a6f",
            "self": false,
            "source_security_group_id": "sg-0e6de08bda6a5c8c1",
            "to_port": 65535,
            "type": "ingress"
          },
          "private": "eyJzY2hlbWFfdmVyc2lvbiI6IjIifQ==",
          "depends_on": [
            "aws_security_group.cluster",
            "aws_security_group.node"
          ]
        }
      ]
    },
    {
      "module": "module.eks",
      "mode": "managed",
      "type": "aws_security_group_rule",
      "name": "node-ingress",
      "provider": "provider.aws",
      "instances": [
        {
          "schema_version": 2,
          "attributes": {
            "cidr_blocks": null,
            "description": "Allow node to communicate with each other",
            "from_port": 0,
            "id": "sgrule-2676102090",
            "ipv6_cidr_blocks": null,
            "prefix_list_ids": null,
            "protocol": "-1",
            "security_group_id": "sg-000990ad3e9b20a6f",
            "self": false,
            "source_security_group_id": "sg-000990ad3e9b20a6f",
            "to_port": 65535,
            "type": "ingress"
          },
          "private": "eyJzY2hlbWFfdmVyc2lvbiI6IjIifQ==",
          "depends_on": [
            "aws_security_group.node"
          ]
        }
      ]
    }
  ]
}
